// !$*UTF8*$!
{
	archiveVersion = 1;
	classes = {
	};
	objectVersion = 50;
	objects = {

/* Begin PBXBuildFile section */
		6019707F2546A4C20023B790 /* PageModule.m in Sources */ = {isa = PBXBuildFile; fileRef = 6019707E2546A4C20023B790 /* PageModule.m */; };
		601970842546A7E40023B790 /* ViewController.m in Sources */ = {isa = PBXBuildFile; fileRef = 608FB84E2542C39C0062501B /* ViewController.m */; };
		601970972546B7B40023B790 /* MyItem.m in Sources */ = {isa = PBXBuildFile; fileRef = 601970962546B7B40023B790 /* MyItem.m */; };
		608FB8492542C39C0062501B /* AppDelegate.m in Sources */ = {isa = PBXBuildFile; fileRef = 608FB8482542C39C0062501B /* AppDelegate.m */; };
		608FB84C2542C39C0062501B /* SceneDelegate.m in Sources */ = {isa = PBXBuildFile; fileRef = 608FB84B2542C39C0062501B /* SceneDelegate.m */; };
		608FB84F2542C39C0062501B /* ViewController.m in Sources */ = {isa = PBXBuildFile; fileRef = 608FB84E2542C39C0062501B /* ViewController.m */; };
		608FB8522542C39C0062501B /* Main.storyboard in Resources */ = {isa = PBXBuildFile; fileRef = 608FB8502542C39C0062501B /* Main.storyboard */; };
		608FB8542542C39E0062501B /* Assets.xcassets in Resources */ = {isa = PBXBuildFile; fileRef = 608FB8532542C39E0062501B /* Assets.xcassets */; };
		608FB8572542C39E0062501B /* LaunchScreen.storyboard in Resources */ = {isa = PBXBuildFile; fileRef = 608FB8552542C39E0062501B /* LaunchScreen.storyboard */; };
		608FB85A2542C39E0062501B /* main.m in Sources */ = {isa = PBXBuildFile; fileRef = 608FB8592542C39E0062501B /* main.m */; };
		608FB8642542C39E0062501B /* _____Tests.m in Sources */ = {isa = PBXBuildFile; fileRef = 608FB8632542C39E0062501B /* _____Tests.m */; };
		608FB86F2542C39E0062501B /* _____UITests.m in Sources */ = {isa = PBXBuildFile; fileRef = 608FB86E2542C39E0062501B /* _____UITests.m */; };
		608FB8812542C3F80062501B /* TBCPageStyle.m in Sources */ = {isa = PBXBuildFile; fileRef = 608FB8802542C3F80062501B /* TBCPageStyle.m */; };
		608FB8872542C4810062501B /* TBCPageView.m in Sources */ = {isa = PBXBuildFile; fileRef = 608FB8852542C4810062501B /* TBCPageView.m */; };
		608FB8902542C4940062501B /* TBCPageCollectionCell.m in Sources */ = {isa = PBXBuildFile; fileRef = 608FB88F2542C4940062501B /* TBCPageCollectionCell.m */; };
		608FB8962542C4EE0062501B /* UIView+Frame.m in Sources */ = {isa = PBXBuildFile; fileRef = 608FB8952542C4EE0062501B /* UIView+Frame.m */; };
/* End PBXBuildFile section */

/* Begin PBXContainerItemProxy section */
		608FB8602542C39E0062501B /* PBXContainerItemProxy */ = {
			isa = PBXContainerItemProxy;
			containerPortal = 608FB83C2542C39C0062501B /* Project object */;
			proxyType = 1;
			remoteGlobalIDString = 608FB8432542C39C0062501B;
			remoteInfo = "分段控制器";
		};
		608FB86B2542C39E0062501B /* PBXContainerItemProxy */ = {
			isa = PBXContainerItemProxy;
			containerPortal = 608FB83C2542C39C0062501B /* Project object */;
			proxyType = 1;
			remoteGlobalIDString = 608FB8432542C39C0062501B;
			remoteInfo = "分段控制器";
		};
/* End PBXContainerItemProxy section */

/* Begin PBXFileReference section */
		6019707D2546A4C20023B790 /* PageModule.h */ = {isa = PBXFileReference; lastKnownFileType = sourcecode.c.h; path = PageModule.h; sourceTree = "<group>"; };
		6019707E2546A4C20023B790 /* PageModule.m */ = {isa = PBXFileReference; lastKnownFileType = sourcecode.c.objc; path = PageModule.m; sourceTree = "<group>"; };
		601970952546B7B40023B790 /* MyItem.h */ = {isa = PBXFileReference; lastKnownFileType = sourcecode.c.h; path = MyItem.h; sourceTree = "<group>"; };
		601970962546B7B40023B790 /* MyItem.m */ = {isa = PBXFileReference; lastKnownFileType = sourcecode.c.objc; path = MyItem.m; sourceTree = "<group>"; };
		608FB8442542C39C0062501B /* 分段控制器.app */ = {isa = PBXFileReference; explicitFileType = wrapper.application; includeInIndex = 0; path = "分段控制器.app"; sourceTree = BUILT_PRODUCTS_DIR; };
		608FB8472542C39C0062501B /* AppDelegate.h */ = {isa = PBXFileReference; lastKnownFileType = sourcecode.c.h; path = AppDelegate.h; sourceTree = "<group>"; };
		608FB8482542C39C0062501B /* AppDelegate.m */ = {isa = PBXFileReference; lastKnownFileType = sourcecode.c.objc; path = AppDelegate.m; sourceTree = "<group>"; };
		608FB84A2542C39C0062501B /* SceneDelegate.h */ = {isa = PBXFileReference; lastKnownFileType = sourcecode.c.h; path = SceneDelegate.h; sourceTree = "<group>"; };
		608FB84B2542C39C0062501B /* SceneDelegate.m */ = {isa = PBXFileReference; lastKnownFileType = sourcecode.c.objc; path = SceneDelegate.m; sourceTree = "<group>"; };
		608FB84D2542C39C0062501B /* ViewController.h */ = {isa = PBXFileReference; lastKnownFileType = sourcecode.c.h; path = ViewController.h; sourceTree = "<group>"; };
		608FB84E2542C39C0062501B /* ViewController.m */ = {isa = PBXFileReference; lastKnownFileType = sourcecode.c.objc; path = ViewController.m; sourceTree = "<group>"; };
		608FB8512542C39C0062501B /* Base */ = {isa = PBXFileReference; lastKnownFileType = file.storyboard; name = Base; path = Base.lproj/Main.storyboard; sourceTree = "<group>"; };
		608FB8532542C39E0062501B /* Assets.xcassets */ = {isa = PBXFileReference; lastKnownFileType = folder.assetcatalog; path = Assets.xcassets; sourceTree = "<group>"; };
		608FB8562542C39E0062501B /* Base */ = {isa = PBXFileReference; lastKnownFileType = file.storyboard; name = Base; path = Base.lproj/LaunchScreen.storyboard; sourceTree = "<group>"; };
		608FB8582542C39E0062501B /* Info.plist */ = {isa = PBXFileReference; lastKnownFileType = text.plist.xml; path = Info.plist; sourceTree = "<group>"; };
		608FB8592542C39E0062501B /* main.m */ = {isa = PBXFileReference; lastKnownFileType = sourcecode.c.objc; path = main.m; sourceTree = "<group>"; };
		608FB85F2542C39E0062501B /* 分段控制器Tests.xctest */ = {isa = PBXFileReference; explicitFileType = wrapper.cfbundle; includeInIndex = 0; path = "分段控制器Tests.xctest"; sourceTree = BUILT_PRODUCTS_DIR; };
		608FB8632542C39E0062501B /* _____Tests.m */ = {isa = PBXFileReference; lastKnownFileType = sourcecode.c.objc; path = "_____Tests.m"; sourceTree = "<group>"; };
		608FB8652542C39E0062501B /* Info.plist */ = {isa = PBXFileReference; lastKnownFileType = text.plist.xml; path = Info.plist; sourceTree = "<group>"; };
		608FB86A2542C39E0062501B /* 分段控制器UITests.xctest */ = {isa = PBXFileReference; explicitFileType = wrapper.cfbundle; includeInIndex = 0; path = "分段控制器UITests.xctest"; sourceTree = BUILT_PRODUCTS_DIR; };
		608FB86E2542C39E0062501B /* _____UITests.m */ = {isa = PBXFileReference; lastKnownFileType = sourcecode.c.objc; path = "_____UITests.m"; sourceTree = "<group>"; };
		608FB8702542C39E0062501B /* Info.plist */ = {isa = PBXFileReference; lastKnownFileType = text.plist.xml; path = Info.plist; sourceTree = "<group>"; };
		608FB87F2542C3F80062501B /* TBCPageStyle.h */ = {isa = PBXFileReference; lastKnownFileType = sourcecode.c.h; path = TBCPageStyle.h; sourceTree = "<group>"; };
		608FB8802542C3F80062501B /* TBCPageStyle.m */ = {isa = PBXFileReference; lastKnownFileType = sourcecode.c.objc; path = TBCPageStyle.m; sourceTree = "<group>"; };
		608FB8852542C4810062501B /* TBCPageView.m */ = {isa = PBXFileReference; fileEncoding = 4; lastKnownFileType = sourcecode.c.objc; path = TBCPageView.m; sourceTree = "<group>"; };
		608FB8862542C4810062501B /* TBCPageView.h */ = {isa = PBXFileReference; fileEncoding = 4; lastKnownFileType = sourcecode.c.h; path = TBCPageView.h; sourceTree = "<group>"; };
		608FB88E2542C4940062501B /* TBCPageCollectionCell.h */ = {isa = PBXFileReference; fileEncoding = 4; lastKnownFileType = sourcecode.c.h; path = TBCPageCollectionCell.h; sourceTree = "<group>"; };
		608FB88F2542C4940062501B /* TBCPageCollectionCell.m */ = {isa = PBXFileReference; fileEncoding = 4; lastKnownFileType = sourcecode.c.objc; path = TBCPageCollectionCell.m; sourceTree = "<group>"; };
		608FB8942542C4EE0062501B /* UIView+Frame.h */ = {isa = PBXFileReference; fileEncoding = 4; lastKnownFileType = sourcecode.c.h; path = "UIView+Frame.h"; sourceTree = "<group>"; };
		608FB8952542C4EE0062501B /* UIView+Frame.m */ = {isa = PBXFileReference; fileEncoding = 4; lastKnownFileType = sourcecode.c.objc; path = "UIView+Frame.m"; sourceTree = "<group>"; };
/* End PBXFileReference section */

/* Begin PBXFrameworksBuildPhase section */
		608FB8412542C39C0062501B /* Frameworks */ = {
			isa = PBXFrameworksBuildPhase;
			buildActionMask = 2147483647;
			files = (
			);
			runOnlyForDeploymentPostprocessing = 0;
		};
		608FB85C2542C39E0062501B /* Frameworks */ = {
			isa = PBXFrameworksBuildPhase;
			buildActionMask = 2147483647;
			files = (
			);
			runOnlyForDeploymentPostprocessing = 0;
		};
		608FB8672542C39E0062501B /* Frameworks */ = {
			isa = PBXFrameworksBuildPhase;
			buildActionMask = 2147483647;
			files = (
			);
			runOnlyForDeploymentPostprocessing = 0;
		};
/* End PBXFrameworksBuildPhase section */

/* Begin PBXGroup section */
		6019708B2546B1280023B790 /* TBCPageView */ = {
			isa = PBXGroup;
			children = (
				608FB8862542C4810062501B /* TBCPageView.h */,
				608FB8852542C4810062501B /* TBCPageView.m */,
				608FB8942542C4EE0062501B /* UIView+Frame.h */,
				608FB8952542C4EE0062501B /* UIView+Frame.m */,
				608FB88E2542C4940062501B /* TBCPageCollectionCell.h */,
				608FB88F2542C4940062501B /* TBCPageCollectionCell.m */,
				6019707D2546A4C20023B790 /* PageModule.h */,
				6019707E2546A4C20023B790 /* PageModule.m */,
				608FB87F2542C3F80062501B /* TBCPageStyle.h */,
				608FB8802542C3F80062501B /* TBCPageStyle.m */,
			);
			path = TBCPageView;
			sourceTree = "<group>";
		};
		608FB83B2542C39C0062501B = {
			isa = PBXGroup;
			children = (
				608FB8462542C39C0062501B /* 分段控制器 */,
				608FB8622542C39E0062501B /* 分段控制器Tests */,
				608FB86D2542C39E0062501B /* 分段控制器UITests */,
				608FB8452542C39C0062501B /* Products */,
			);
			sourceTree = "<group>";
		};
		608FB8452542C39C0062501B /* Products */ = {
			isa = PBXGroup;
			children = (
				608FB8442542C39C0062501B /* 分段控制器.app */,
				608FB85F2542C39E0062501B /* 分段控制器Tests.xctest */,
				608FB86A2542C39E0062501B /* 分段控制器UITests.xctest */,
			);
			name = Products;
			sourceTree = "<group>";
		};
		608FB8462542C39C0062501B /* 分段控制器 */ = {
			isa = PBXGroup;
			children = (
				6019708B2546B1280023B790 /* TBCPageView */,
				608FB8472542C39C0062501B /* AppDelegate.h */,
				608FB8482542C39C0062501B /* AppDelegate.m */,
				601970952546B7B40023B790 /* MyItem.h */,
				601970962546B7B40023B790 /* MyItem.m */,
				608FB84A2542C39C0062501B /* SceneDelegate.h */,
				608FB84B2542C39C0062501B /* SceneDelegate.m */,
				608FB84D2542C39C0062501B /* ViewController.h */,
				608FB84E2542C39C0062501B /* ViewController.m */,
				608FB8502542C39C0062501B /* Main.storyboard */,
				608FB8532542C39E0062501B /* Assets.xcassets */,
				608FB8552542C39E0062501B /* LaunchScreen.storyboard */,
				608FB8582542C39E0062501B /* Info.plist */,
				608FB8592542C39E0062501B /* main.m */,
			);
			path = "分段控制器";
			sourceTree = "<group>";
		};
		608FB8622542C39E0062501B /* 分段控制器Tests */ = {
			isa = PBXGroup;
			children = (
				608FB8632542C39E0062501B /* _____Tests.m */,
				608FB8652542C39E0062501B /* Info.plist */,
			);
			path = "分段控制器Tests";
			sourceTree = "<group>";
		};
		608FB86D2542C39E0062501B /* 分段控制器UITests */ = {
			isa = PBXGroup;
			children = (
				608FB86E2542C39E0062501B /* _____UITests.m */,
				608FB8702542C39E0062501B /* Info.plist */,
			);
			path = "分段控制器UITests";
			sourceTree = "<group>";
		};
/* End PBXGroup section */

/* Begin PBXNativeTarget section */
		608FB8432542C39C0062501B /* 分段控制器 */ = {
			isa = PBXNativeTarget;
			buildConfigurationList = 608FB8732542C39E0062501B /* Build configuration list for PBXNativeTarget "分段控制器" */;
			buildPhases = (
				608FB8402542C39C0062501B /* Sources */,
				608FB8412542C39C0062501B /* Frameworks */,
				608FB8422542C39C0062501B /* Resources */,
			);
			buildRules = (
			);
			dependencies = (
			);
			name = "分段控制器";
			productName = "分段控制器";
			productReference = 608FB8442542C39C0062501B /* 分段控制器.app */;
			productType = "com.apple.product-type.application";
		};
		608FB85E2542C39E0062501B /* 分段控制器Tests */ = {
			isa = PBXNativeTarget;
			buildConfigurationList = 608FB8762542C39E0062501B /* Build configuration list for PBXNativeTarget "分段控制器Tests" */;
			buildPhases = (
				608FB85B2542C39E0062501B /* Sources */,
				608FB85C2542C39E0062501B /* Frameworks */,
				608FB85D2542C39E0062501B /* Resources */,
			);
			buildRules = (
			);
			dependencies = (
				608FB8612542C39E0062501B /* PBXTargetDependency */,
			);
			name = "分段控制器Tests";
			productName = "分段控制器Tests";
			productReference = 608FB85F2542C39E0062501B /* 分段控制器Tests.xctest */;
			productType = "com.apple.product-type.bundle.unit-test";
		};
		608FB8692542C39E0062501B /* 分段控制器UITests */ = {
			isa = PBXNativeTarget;
			buildConfigurationList = 608FB8792542C39E0062501B /* Build configuration list for PBXNativeTarget "分段控制器UITests" */;
			buildPhases = (
				608FB8662542C39E0062501B /* Sources */,
				608FB8672542C39E0062501B /* Frameworks */,
				608FB8682542C39E0062501B /* Resources */,
			);
			buildRules = (
			);
			dependencies = (
				608FB86C2542C39E0062501B /* PBXTargetDependency */,
			);
			name = "分段控制器UITests";
			productName = "分段控制器UITests";
			productReference = 608FB86A2542C39E0062501B /* 分段控制器UITests.xctest */;
			productType = "com.apple.product-type.bundle.ui-testing";
		};
/* End PBXNativeTarget section */

/* Begin PBXProject section */
		608FB83C2542C39C0062501B /* Project object */ = {
			isa = PBXProject;
			attributes = {
				LastUpgradeCheck = 1210;
				TargetAttributes = {
					608FB8432542C39C0062501B = {
						CreatedOnToolsVersion = 12.1;
					};
					608FB85E2542C39E0062501B = {
						CreatedOnToolsVersion = 12.1;
						TestTargetID = 608FB8432542C39C0062501B;
					};
					608FB8692542C39E0062501B = {
						CreatedOnToolsVersion = 12.1;
						TestTargetID = 608FB8432542C39C0062501B;
					};
				};
			};
			buildConfigurationList = 608FB83F2542C39C0062501B /* Build configuration list for PBXProject "分段控制器" */;
			compatibilityVersion = "Xcode 9.3";
			developmentRegion = en;
			hasScannedForEncodings = 0;
			knownRegions = (
				en,
				Base,
			);
			mainGroup = 608FB83B2542C39C0062501B;
			productRefGroup = 608FB8452542C39C0062501B /* Products */;
			projectDirPath = "";
			projectRoot = "";
			targets = (
				608FB8432542C39C0062501B /* 分段控制器 */,
				608FB85E2542C39E0062501B /* 分段控制器Tests */,
				608FB8692542C39E0062501B /* 分段控制器UITests */,
			);
		};
/* End PBXProject section */

/* Begin PBXResourcesBuildPhase section */
		608FB8422542C39C0062501B /* Resources */ = {
			isa = PBXResourcesBuildPhase;
			buildActionMask = 2147483647;
			files = (
				608FB8572542C39E0062501B /* LaunchScreen.storyboard in Resources */,
				608FB8542542C39E0062501B /* Assets.xcassets in Resources */,
				608FB8522542C39C0062501B /* Main.storyboard in Resources */,
			);
			runOnlyForDeploymentPostprocessing = 0;
		};
		608FB85D2542C39E0062501B /* Resources */ = {
			isa = PBXResourcesBuildPhase;
			buildActionMask = 2147483647;
			files = (
			);
			runOnlyForDeploymentPostprocessing = 0;
		};
		608FB8682542C39E0062501B /* Resources */ = {
			isa = PBXResourcesBuildPhase;
			buildActionMask = 2147483647;
			files = (
			);
			runOnlyForDeploymentPostprocessing = 0;
		};
/* End PBXResourcesBuildPhase section */

/* Begin PBXSourcesBuildPhase section */
		608FB8402542C39C0062501B /* Sources */ = {
			isa = PBXSourcesBuildPhase;
			buildActionMask = 2147483647;
			files = (
				608FB8962542C4EE0062501B /* UIView+Frame.m in Sources */,
				608FB8812542C3F80062501B /* TBCPageStyle.m in Sources */,
				608FB8902542C4940062501B /* TBCPageCollectionCell.m in Sources */,
				608FB84F2542C39C0062501B /* ViewController.m in Sources */,
				601970972546B7B40023B790 /* MyItem.m in Sources */,
				608FB8492542C39C0062501B /* AppDelegate.m in Sources */,
				608FB8872542C4810062501B /* TBCPageView.m in Sources */,
				608FB85A2542C39E0062501B /* main.m in Sources */,
				608FB84C2542C39C0062501B /* SceneDelegate.m in Sources */,
				6019707F2546A4C20023B790 /* PageModule.m in Sources */,
			);
			runOnlyForDeploymentPostprocessing = 0;
		};
		608FB85B2542C39E0062501B /* Sources */ = {
			isa = PBXSourcesBuildPhase;
			buildActionMask = 2147483647;
			files = (
				601970842546A7E40023B790 /* ViewController.m in Sources */,
				608FB8642542C39E0062501B /* _____Tests.m in Sources */,
			);
			runOnlyForDeploymentPostprocessing = 0;
		};
		608FB8662542C39E0062501B /* Sources */ = {
			isa = PBXSourcesBuildPhase;
			buildActionMask = 2147483647;
			files = (
				608FB86F2542C39E0062501B /* _____UITests.m in Sources */,
			);
			runOnlyForDeploymentPostprocessing = 0;
		};
/* End PBXSourcesBuildPhase section */

/* Begin PBXTargetDependency section */
		608FB8612542C39E0062501B /* PBXTargetDependency */ = {
			isa = PBXTargetDependency;
			target = 608FB8432542C39C0062501B /* 分段控制器 */;
			targetProxy = 608FB8602542C39E0062501B /* PBXContainerItemProxy */;
		};
		608FB86C2542C39E0062501B /* PBXTargetDependency */ = {
			isa = PBXTargetDependency;
			target = 608FB8432542C39C0062501B /* 分段控制器 */;
			targetProxy = 608FB86B2542C39E0062501B /* PBXContainerItemProxy */;
		};
/* End PBXTargetDependency section */

/* Begin PBXVariantGroup section */
		608FB8502542C39C0062501B /* Main.storyboard */ = {
			isa = PBXVariantGroup;
			children = (
				608FB8512542C39C0062501B /* Base */,
			);
			name = Main.storyboard;
			sourceTree = "<group>";
		};
		608FB8552542C39E0062501B /* LaunchScreen.storyboard */ = {
			isa = PBXVariantGroup;
			children = (
				608FB8562542C39E0062501B /* Base */,
			);
			name = LaunchScreen.storyboard;
			sourceTree = "<group>";
		};
/* End PBXVariantGroup section */

/* Begin XCBuildConfiguration section */
		608FB8712542C39E0062501B /* Debug */ = {
			isa = XCBuildConfiguration;
			buildSettings = {
				ALWAYS_SEARCH_USER_PATHS = NO;
				CLANG_ANALYZER_NONNULL = YES;
				CLANG_ANALYZER_NUMBER_OBJECT_CONVERSION = YES_AGGRESSIVE;
				CLANG_CXX_LANGUAGE_STANDARD = "gnu++14";
				CLANG_CXX_LIBRARY = "libc++";
				CLANG_ENABLE_MODULES = YES;
				CLANG_ENABLE_OBJC_ARC = YES;
				CLANG_ENABLE_OBJC_WEAK = YES;
				CLANG_WARN_BLOCK_CAPTURE_AUTORELEASING = YES;
				CLANG_WARN_BOOL_CONVERSION = YES;
				CLANG_WARN_COMMA = YES;
				CLANG_WARN_CONSTANT_CONVERSION = YES;
				CLANG_WARN_DEPRECATED_OBJC_IMPLEMENTATIONS = YES;
				CLANG_WARN_DIRECT_OBJC_ISA_USAGE = YES_ERROR;
				CLANG_WARN_DOCUMENTATION_COMMENTS = YES;
				CLANG_WARN_EMPTY_BODY = YES;
				CLANG_WARN_ENUM_CONVERSION = YES;
				CLANG_WARN_INFINITE_RECURSION = YES;
				CLANG_WARN_INT_CONVERSION = YES;
				CLANG_WARN_NON_LITERAL_NULL_CONVERSION = YES;
				CLANG_WARN_OBJC_IMPLICIT_RETAIN_SELF = YES;
				CLANG_WARN_OBJC_LITERAL_CONVERSION = YES;
				CLANG_WARN_OBJC_ROOT_CLASS = YES_ERROR;
				CLANG_WARN_QUOTED_INCLUDE_IN_FRAMEWORK_HEADER = YES;
				CLANG_WARN_RANGE_LOOP_ANALYSIS = YES;
				CLANG_WARN_STRICT_PROTOTYPES = YES;
				CLANG_WARN_SUSPICIOUS_MOVE = YES;
				CLANG_WARN_UNGUARDED_AVAILABILITY = YES_AGGRESSIVE;
				CLANG_WARN_UNREACHABLE_CODE = YES;
				CLANG_WARN__DUPLICATE_METHOD_MATCH = YES;
				COPY_PHASE_STRIP = NO;
				DEBUG_INFORMATION_FORMAT = dwarf;
				ENABLE_STRICT_OBJC_MSGSEND = YES;
				ENABLE_TESTABILITY = YES;
				GCC_C_LANGUAGE_STANDARD = gnu11;
				GCC_DYNAMIC_NO_PIC = NO;
				GCC_NO_COMMON_BLOCKS = YES;
				GCC_OPTIMIZATION_LEVEL = 0;
				GCC_PREPROCESSOR_DEFINITIONS = (
					"DEBUG=1",
					"$(inherited)",
				);
				GCC_WARN_64_TO_32_BIT_CONVERSION = YES;
				GCC_WARN_ABOUT_RETURN_TYPE = YES_ERROR;
				GCC_WARN_UNDECLARED_SELECTOR = YES;
				GCC_WARN_UNINITIALIZED_AUTOS = YES_AGGRESSIVE;
				GCC_WARN_UNUSED_FUNCTION = YES;
				GCC_WARN_UNUSED_VARIABLE = YES;
				IPHONEOS_DEPLOYMENT_TARGET = 14.1;
				MTL_ENABLE_DEBUG_INFO = INCLUDE_SOURCE;
				MTL_FAST_MATH = YES;
				ONLY_ACTIVE_ARCH = YES;
				SDKROOT = iphoneos;
			};
			name = Debug;
		};
		608FB8722542C39E0062501B /* Release */ = {
			isa = XCBuildConfiguration;
			buildSettings = {
				ALWAYS_SEARCH_USER_PATHS = NO;
				CLANG_ANALYZER_NONNULL = YES;
				CLANG_ANALYZER_NUMBER_OBJECT_CONVERSION = YES_AGGRESSIVE;
				CLANG_CXX_LANGUAGE_STANDARD = "gnu++14";
				CLANG_CXX_LIBRARY = "libc++";
				CLANG_ENABLE_MODULES = YES;
				CLANG_ENABLE_OBJC_ARC = YES;
				CLANG_ENABLE_OBJC_WEAK = YES;
				CLANG_WARN_BLOCK_CAPTURE_AUTORELEASING = YES;
				CLANG_WARN_BOOL_CONVERSION = YES;
				CLANG_WARN_COMMA = YES;
				CLANG_WARN_CONSTANT_CONVERSION = YES;
				CLANG_WARN_DEPRECATED_OBJC_IMPLEMENTATIONS = YES;
				CLANG_WARN_DIRECT_OBJC_ISA_USAGE = YES_ERROR;
				CLANG_WARN_DOCUMENTATION_COMMENTS = YES;
				CLANG_WARN_EMPTY_BODY = YES;
				CLANG_WARN_ENUM_CONVERSION = YES;
				CLANG_WARN_INFINITE_RECURSION = YES;
				CLANG_WARN_INT_CONVERSION = YES;
				CLANG_WARN_NON_LITERAL_NULL_CONVERSION = YES;
				CLANG_WARN_OBJC_IMPLICIT_RETAIN_SELF = YES;
				CLANG_WARN_OBJC_LITERAL_CONVERSION = YES;
				CLANG_WARN_OBJC_ROOT_CLASS = YES_ERROR;
				CLANG_WARN_QUOTED_INCLUDE_IN_FRAMEWORK_HEADER = YES;
				CLANG_WARN_RANGE_LOOP_ANALYSIS = YES;
				CLANG_WARN_STRICT_PROTOTYPES = YES;
				CLANG_WARN_SUSPICIOUS_MOVE = YES;
				CLANG_WARN_UNGUARDED_AVAILABILITY = YES_AGGRESSIVE;
				CLANG_WARN_UNREACHABLE_CODE = YES;
				CLANG_WARN__DUPLICATE_METHOD_MATCH = YES;
				COPY_PHASE_STRIP = NO;
				DEBUG_INFORMATION_FORMAT = "dwarf-with-dsym";
				ENABLE_NS_ASSERTIONS = NO;
				ENABLE_STRICT_OBJC_MSGSEND = YES;
				GCC_C_LANGUAGE_STANDARD = gnu11;
				GCC_NO_COMMON_BLOCKS = YES;
				GCC_WARN_64_TO_32_BIT_CONVERSION = YES;
				GCC_WARN_ABOUT_RETURN_TYPE = YES_ERROR;
				GCC_WARN_UNDECLARED_SELECTOR = YES;
				GCC_WARN_UNINITIALIZED_AUTOS = YES_AGGRESSIVE;
				GCC_WARN_UNUSED_FUNCTION = YES;
				GCC_WARN_UNUSED_VARIABLE = YES;
				IPHONEOS_DEPLOYMENT_TARGET = 14.1;
				MTL_ENABLE_DEBUG_INFO = NO;
				MTL_FAST_MATH = YES;
				SDKROOT = iphoneos;
				VALIDATE_PRODUCT = YES;
			};
			name = Release;
		};
		608FB8742542C39E0062501B /* Debug */ = {
			isa = XCBuildConfiguration;
			buildSettings = {
				ASSETCATALOG_COMPILER_APPICON_NAME = AppIcon;
				ASSETCATALOG_COMPILER_GLOBAL_ACCENT_COLOR_NAME = AccentColor;
				CODE_SIGN_STYLE = Automatic;
				DEVELOPMENT_TEAM = C2BYU663FV;
				INFOPLIST_FILE = "分段控制器/Info.plist";
				LD_RUNPATH_SEARCH_PATHS = (
					"$(inherited)",
					"@executable_path/Frameworks",
				);
				PRODUCT_BUNDLE_IDENTIFIER = "test333.-----";
				PRODUCT_NAME = "$(TARGET_NAME)";
				TARGETED_DEVICE_FAMILY = "1,2";
			};
			name = Debug;
		};
		608FB8752542C39E0062501B /* Release */ = {
			isa = XCBuildConfiguration;
			buildSettings = {
				ASSETCATALOG_COMPILER_APPICON_NAME = AppIcon;
				ASSETCATALOG_COMPILER_GLOBAL_ACCENT_COLOR_NAME = AccentColor;
				CODE_SIGN_STYLE = Automatic;
				DEVELOPMENT_TEAM = C2BYU663FV;
				INFOPLIST_FILE = "分段控制器/Info.plist";
				LD_RUNPATH_SEARCH_PATHS = (
					"$(inherited)",
					"@executable_path/Frameworks",
				);
				PRODUCT_BUNDLE_IDENTIFIER = "test333.-----";
				PRODUCT_NAME = "$(TARGET_NAME)";
				TARGETED_DEVICE_FAMILY = "1,2";
			};
			name = Release;
		};
		608FB8772542C39E0062501B /* Debug */ = {
			isa = XCBuildConfiguration;
			buildSettings = {
				BUNDLE_LOADER = "$(TEST_HOST)";
				CODE_SIGN_STYLE = Automatic;
				DEVELOPMENT_TEAM = C2BYU663FV;
				INFOPLIST_FILE = "分段控制器Tests/Info.plist";
				IPHONEOS_DEPLOYMENT_TARGET = 14.1;
				LD_RUNPATH_SEARCH_PATHS = (
					"$(inherited)",
					"@executable_path/Frameworks",
					"@loader_path/Frameworks",
				);
				PRODUCT_BUNDLE_IDENTIFIER = "test333.-----Tests";
				PRODUCT_NAME = "$(TARGET_NAME)";
				TARGETED_DEVICE_FAMILY = "1,2";
				TEST_HOST = "$(BUILT_PRODUCTS_DIR)/分段控制器.app/分段控制器";
			};
			name = Debug;
		};
		608FB8782542C39E0062501B /* Release */ = {
			isa = XCBuildConfiguration;
			buildSettings = {
				BUNDLE_LOADER = "$(TEST_HOST)";
				CODE_SIGN_STYLE = Automatic;
				DEVELOPMENT_TEAM = C2BYU663FV;
				INFOPLIST_FILE = "分段控制器Tests/Info.plist";
				IPHONEOS_DEPLOYMENT_TARGET = 14.1;
				LD_RUNPATH_SEARCH_PATHS = (
					"$(inherited)",
					"@executable_path/Frameworks",
					"@loader_path/Frameworks",
				);
				PRODUCT_BUNDLE_IDENTIFIER = "test333.-----Tests";
				PRODUCT_NAME = "$(TARGET_NAME)";
				TARGETED_DEVICE_FAMILY = "1,2";
				TEST_HOST = "$(BUILT_PRODUCTS_DIR)/分段控制器.app/分段控制器";
			};
			name = Release;
		};
		608FB87A2542C39E0062501B /* Debug */ = {
			isa = XCBuildConfiguration;
			buildSettings = {
				CODE_SIGN_STYLE = Automatic;
				DEVELOPMENT_TEAM = C2BYU663FV;
				INFOPLIST_FILE = "分段控制器UITests/Info.plist";
				LD_RUNPATH_SEARCH_PATHS = (
					"$(inherited)",
					"@executable_path/Frameworks",
					"@loader_path/Frameworks",
				);
				PRODUCT_BUNDLE_IDENTIFIER = "test333.-----UITests";
				PRODUCT_NAME = "$(TARGET_NAME)";
				TARGETED_DEVICE_FAMILY = "1,2";
				TEST_TARGET_NAME = "分段控制器";
			};
			name = Debug;
		};
		608FB87B2542C39E0062501B /* Release */ = {
			isa = XCBuildConfiguration;
			buildSettings = {
				CODE_SIGN_STYLE = Automatic;
				DEVELOPMENT_TEAM = C2BYU663FV;
				INFOPLIST_FILE = "分段控制器UITests/Info.plist";
				LD_RUNPATH_SEARCH_PATHS = (
					"$(inherited)",
					"@executable_path/Frameworks",
					"@loader_path/Frameworks",
				);
				PRODUCT_BUNDLE_IDENTIFIER = "test333.-----UITests";
				PRODUCT_NAME = "$(TARGET_NAME)";
				TARGETED_DEVICE_FAMILY = "1,2";
				TEST_TARGET_NAME = "分段控制器";
			};
			name = Release;
		};
/* End XCBuildConfiguration section */

/* Begin XCConfigurationList section */
		608FB83F2542C39C0062501B /* Build configuration list for PBXProject "分段控制器" */ = {
			isa = XCConfigurationList;
			buildConfigurations = (
				608FB8712542C39E0062501B /* Debug */,
				608FB8722542C39E0062501B /* Release */,
			);
			defaultConfigurationIsVisible = 0;
			defaultConfigurationName = Release;
		};
		608FB8732542C39E0062501B /* Build configuration list for PBXNativeTarget "分段控制器" */ = {
			isa = XCConfigurationList;
			buildConfigurations = (
				608FB8742542C39E0062501B /* Debug */,
				608FB8752542C39E0062501B /* Release */,
			);
			defaultConfigurationIsVisible = 0;
			defaultConfigurationName = Release;
		};
		608FB8762542C39E0062501B /* Build configuration list for PBXNativeTarget "分段控制器Tests" */ = {
			isa = XCConfigurationList;
			buildConfigurations = (
				608FB8772542C39E0062501B /* Debug */,
				608FB8782542C39E0062501B /* Release */,
			);
			defaultConfigurationIsVisible = 0;
			defaultConfigurationName = Release;
		};
		608FB8792542C39E0062501B /* Build configuration list for PBXNativeTarget "分段控制器UITests" */ = {
			isa = XCConfigurationList;
			buildConfigurations = (
				608FB87A2542C39E0062501B /* Debug */,
				608FB87B2542C39E0062501B /* Release */,
			);
			defaultConfigurationIsVisible = 0;
			defaultConfigurationName = Release;
		};
/* End XCConfigurationList section */
	};
	rootObject = 608FB83C2542C39C0062501B /* Project object */;
}
